
Microsoft Visual Studio Solution File, Format Version 12.00
# Visual Studio 15
VisualStudioVersion = 15.0.26124.0
MinimumVisualStudioVersion = 15.0.26124.0
Project("{FAE04EC0-301F-11D3-BF4B-00C04F79EFBC}") = "API", "API\API.csproj", "{07D1FF92-6882-4864-BF0B-B8CE253E0BE5}"
EndProject
Project("{FAE04EC0-301F-11D3-BF4B-00C04F79EFBC}") = "Application", "Application\Application.csproj", "{61696313-494C-4735-80DC-A066008EE525}"
EndProject
Project("{FAE04EC0-301F-11D3-BF4B-00C04F79EFBC}") = "Persistence", "Persistence\Persistence.csproj", "{6CA1A6EB-49BE-40F6-8DC3-0767D18C82E2}"
EndProject
Project("{FAE04EC0-301F-11D3-BF4B-00C04F79EFBC}") = "Domain", "Domain\Domain.csproj", "{821D24BE-E045-4D44-B50C-E75CB9BDB831}"
EndProject
Global
	GlobalSection(SolutionConfigurationPlatforms) = preSolution
		Debug|Any CPU = Debug|Any CPU
		Debug|x64 = Debug|x64
		Debug|x86 = Debug|x86
		Release|Any CPU = Release|Any CPU
		Release|x64 = Release|x64
		Release|x86 = Release|x86
	EndGlobalSection
	GlobalSection(SolutionProperties) = preSolution
		HideSolutionNode = FALSE
	EndGlobalSection
	GlobalSection(ProjectConfigurationPlatforms) = postSolution
		{07D1FF92-6882-4864-BF0B-B8CE253E0BE5}.Debug|Any CPU.ActiveCfg = Debug|Any CPU
		{07D1FF92-6882-4864-BF0B-B8CE253E0BE5}.Debug|Any CPU.Build.0 = Debug|Any CPU
		{07D1FF92-6882-4864-BF0B-B8CE253E0BE5}.Debug|x64.ActiveCfg = Debug|Any CPU
		{07D1FF92-6882-4864-BF0B-B8CE253E0BE5}.Debug|x64.Build.0 = Debug|Any CPU
		{07D1FF92-6882-4864-BF0B-B8CE253E0BE5}.Debug|x86.ActiveCfg = Debug|Any CPU
		{07D1FF92-6882-4864-BF0B-B8CE253E0BE5}.Debug|x86.Build.0 = Debug|Any CPU
		{07D1FF92-6882-4864-BF0B-B8CE253E0BE5}.Release|Any CPU.ActiveCfg = Release|Any CPU
		{07D1FF92-6882-4864-BF0B-B8CE253E0BE5}.Release|Any CPU.Build.0 = Release|Any CPU
		{07D1FF92-6882-4864-BF0B-B8CE253E0BE5}.Release|x64.ActiveCfg = Release|Any CPU
		{07D1FF92-6882-4864-BF0B-B8CE253E0BE5}.Release|x64.Build.0 = Release|Any CPU
		{07D1FF92-6882-4864-BF0B-B8CE253E0BE5}.Release|x86.ActiveCfg = Release|Any CPU
		{07D1FF92-6882-4864-BF0B-B8CE253E0BE5}.Release|x86.Build.0 = Release|Any CPU
		{61696313-494C-4735-80DC-A066008EE525}.Debug|Any CPU.ActiveCfg = Debug|Any CPU
		{61696313-494C-4735-80DC-A066008EE525}.Debug|Any CPU.Build.0 = Debug|Any CPU
		{61696313-494C-4735-80DC-A066008EE525}.Debug|x64.ActiveCfg = Debug|Any CPU
		{61696313-494C-4735-80DC-A066008EE525}.Debug|x64.Build.0 = Debug|Any CPU
		{61696313-494C-4735-80DC-A066008EE525}.Debug|x86.ActiveCfg = Debug|Any CPU
		{61696313-494C-4735-80DC-A066008EE525}.Debug|x86.Build.0 = Debug|Any CPU
		{61696313-494C-4735-80DC-A066008EE525}.Release|Any CPU.ActiveCfg = Release|Any CPU
		{61696313-494C-4735-80DC-A066008EE525}.Release|Any CPU.Build.0 = Release|Any CPU
		{61696313-494C-4735-80DC-A066008EE525}.Release|x64.ActiveCfg = Release|Any CPU
		{61696313-494C-4735-80DC-A066008EE525}.Release|x64.Build.0 = Release|Any CPU
		{61696313-494C-4735-80DC-A066008EE525}.Release|x86.ActiveCfg = Release|Any CPU
		{61696313-494C-4735-80DC-A066008EE525}.Release|x86.Build.0 = Release|Any CPU
		{6CA1A6EB-49BE-40F6-8DC3-0767D18C82E2}.Debug|Any CPU.ActiveCfg = Debug|Any CPU
		{6CA1A6EB-49BE-40F6-8DC3-0767D18C82E2}.Debug|Any CPU.Build.0 = Debug|Any CPU
		{6CA1A6EB-49BE-40F6-8DC3-0767D18C82E2}.Debug|x64.ActiveCfg = Debug|Any CPU
		{6CA1A6EB-49BE-40F6-8DC3-0767D18C82E2}.Debug|x64.Build.0 = Debug|Any CPU
		{6CA1A6EB-49BE-40F6-8DC3-0767D18C82E2}.Debug|x86.ActiveCfg = Debug|Any CPU
		{6CA1A6EB-49BE-40F6-8DC3-0767D18C82E2}.Debug|x86.Build.0 = Debug|Any CPU
		{6CA1A6EB-49BE-40F6-8DC3-0767D18C82E2}.Release|Any CPU.ActiveCfg = Release|Any CPU
		{6CA1A6EB-49BE-40F6-8DC3-0767D18C82E2}.Release|Any CPU.Build.0 = Release|Any CPU
		{6CA1A6EB-49BE-40F6-8DC3-0767D18C82E2}.Release|x64.ActiveCfg = Release|Any CPU
		{6CA1A6EB-49BE-40F6-8DC3-0767D18C82E2}.Release|x64.Build.0 = Release|Any CPU
		{6CA1A6EB-49BE-40F6-8DC3-0767D18C82E2}.Release|x86.ActiveCfg = Release|Any CPU
		{6CA1A6EB-49BE-40F6-8DC3-0767D18C82E2}.Release|x86.Build.0 = Release|Any CPU
		{821D24BE-E045-4D44-B50C-E75CB9BDB831}.Debug|Any CPU.ActiveCfg = Debug|Any CPU
		{821D24BE-E045-4D44-B50C-E75CB9BDB831}.Debug|Any CPU.Build.0 = Debug|Any CPU
		{821D24BE-E045-4D44-B50C-E75CB9BDB831}.Debug|x64.ActiveCfg = Debug|Any CPU
		{821D24BE-E045-4D44-B50C-E75CB9BDB831}.Debug|x64.Build.0 = Debug|Any CPU
		{821D24BE-E045-4D44-B50C-E75CB9BDB831}.Debug|x86.ActiveCfg = Debug|Any CPU
		{821D24BE-E045-4D44-B50C-E75CB9BDB831}.Debug|x86.Build.0 = Debug|Any CPU
		{821D24BE-E045-4D44-B50C-E75CB9BDB831}.Release|Any CPU.ActiveCfg = Release|Any CPU
		{821D24BE-E045-4D44-B50C-E75CB9BDB831}.Release|Any CPU.Build.0 = Release|Any CPU
		{821D24BE-E045-4D44-B50C-E75CB9BDB831}.Release|x64.ActiveCfg = Release|Any CPU
		{821D24BE-E045-4D44-B50C-E75CB9BDB831}.Release|x64.Build.0 = Release|Any CPU
		{821D24BE-E045-4D44-B50C-E75CB9BDB831}.Release|x86.ActiveCfg = Release|Any CPU
		{821D24BE-E045-4D44-B50C-E75CB9BDB831}.Release|x86.Build.0 = Release|Any CPU
	EndGlobalSection
EndGlobal
